// !$*UTF8*$!
{
	archiveVersion = 1;
	classes = {
	};
	objectVersion = 46;
	objects = {

/* Begin PBXBuildFile section */
		6C8CC46F1F8C70C500A06003 /* AppDelegate.swift in Sources */ = {isa = PBXBuildFile; fileRef = 6C8CC46E1F8C70C500A06003 /* AppDelegate.swift */; };
		6C8CC4711F8C70C500A06003 /* ViewController.swift in Sources */ = {isa = PBXBuildFile; fileRef = 6C8CC4701F8C70C500A06003 /* ViewController.swift */; };
		6C8CC4741F8C70C500A06003 /* Main.storyboard in Resources */ = {isa = PBXBuildFile; fileRef = 6C8CC4721F8C70C500A06003 /* Main.storyboard */; };
		6C8CC4761F8C70C500A06003 /* Assets.xcassets in Resources */ = {isa = PBXBuildFile; fileRef = 6C8CC4751F8C70C500A06003 /* Assets.xcassets */; };
		6C8CC4791F8C70C500A06003 /* LaunchScreen.storyboard in Resources */ = {isa = PBXBuildFile; fileRef = 6C8CC4771F8C70C500A06003 /* LaunchScreen.storyboard */; };
		6C8CC4841F8C70C500A06003 /* swlianxiTests.swift in Sources */ = {isa = PBXBuildFile; fileRef = 6C8CC4831F8C70C500A06003 /* swlianxiTests.swift */; };
		6C8CC48F1F8C70C500A06003 /* swlianxiUITests.swift in Sources */ = {isa = PBXBuildFile; fileRef = 6C8CC48E1F8C70C500A06003 /* swlianxiUITests.swift */; };
		6C8CC49D1F8C70DB00A06003 /* SecondViewController.swift in Sources */ = {isa = PBXBuildFile; fileRef = 6C8CC49C1F8C70DB00A06003 /* SecondViewController.swift */; };
		6C8CC49F1F8C721D00A06003 /* Person.swift in Sources */ = {isa = PBXBuildFile; fileRef = 6C8CC49E1F8C721D00A06003 /* Person.swift */; };
		6C8CC4A11F8C763A00A06003 /* File.swift in Sources */ = {isa = PBXBuildFile; fileRef = 6C8CC4A01F8C763A00A06003 /* File.swift */; };
/* End PBXBuildFile section */

/* Begin PBXContainerItemProxy section */
		6C8CC4801F8C70C500A06003 /* PBXContainerItemProxy */ = {
			isa = PBXContainerItemProxy;
			containerPortal = 6C8CC4631F8C70C400A06003 /* Project object */;
			proxyType = 1;
			remoteGlobalIDString = 6C8CC46A1F8C70C400A06003;
			remoteInfo = swlianxi;
		};
		6C8CC48B1F8C70C500A06003 /* PBXContainerItemProxy */ = {
			isa = PBXContainerItemProxy;
			containerPortal = 6C8CC4631F8C70C400A06003 /* Project object */;
			proxyType = 1;
			remoteGlobalIDString = 6C8CC46A1F8C70C400A06003;
			remoteInfo = swlianxi;
		};
/* End PBXContainerItemProxy section */

/* Begin PBXFileReference section */
		6C8CC46B1F8C70C500A06003 /* swlianxi.app */ = {isa = PBXFileReference; explicitFileType = wrapper.application; includeInIndex = 0; path = swlianxi.app; sourceTree = BUILT_PRODUCTS_DIR; };
		6C8CC46E1F8C70C500A06003 /* AppDelegate.swift */ = {isa = PBXFileReference; lastKnownFileType = sourcecode.swift; path = AppDelegate.swift; sourceTree = "<group>"; };
		6C8CC4701F8C70C500A06003 /* ViewController.swift */ = {isa = PBXFileReference; lastKnownFileType = sourcecode.swift; path = ViewController.swift; sourceTree = "<group>"; };
		6C8CC4731F8C70C500A06003 /* Base */ = {isa = PBXFileReference; lastKnownFileType = file.storyboard; name = Base; path = Base.lproj/Main.storyboard; sourceTree = "<group>"; };
		6C8CC4751F8C70C500A06003 /* Assets.xcassets */ = {isa = PBXFileReference; lastKnownFileType = folder.assetcatalog; path = Assets.xcassets; sourceTree = "<group>"; };
		6C8CC4781F8C70C500A06003 /* Base */ = {isa = PBXFileReference; lastKnownFileType = file.storyboard; name = Base; path = Base.lproj/LaunchScreen.storyboard; sourceTree = "<group>"; };
		6C8CC47A1F8C70C500A06003 /* Info.plist */ = {isa = PBXFileReference; lastKnownFileType = text.plist.xml; path = Info.plist; sourceTree = "<group>"; };
		6C8CC47F1F8C70C500A06003 /* swlianxiTests.xctest */ = {isa = PBXFileReference; explicitFileType = wrapper.cfbundle; includeInIndex = 0; path = swlianxiTests.xctest; sourceTree = BUILT_PRODUCTS_DIR; };
		6C8CC4831F8C70C500A06003 /* swlianxiTests.swift */ = {isa = PBXFileReference; lastKnownFileType = sourcecode.swift; path = swlianxiTests.swift; sourceTree = "<group>"; };
		6C8CC4851F8C70C500A06003 /* Info.plist */ = {isa = PBXFileReference; lastKnownFileType = text.plist.xml; path = Info.plist; sourceTree = "<group>"; };
		6C8CC48A1F8C70C500A06003 /* swlianxiUITests.xctest */ = {isa = PBXFileReference; explicitFileType = wrapper.cfbundle; includeInIndex = 0; path = swlianxiUITests.xctest; sourceTree = BUILT_PRODUCTS_DIR; };
		6C8CC48E1F8C70C500A06003 /* swlianxiUITests.swift */ = {isa = PBXFileReference; lastKnownFileType = sourcecode.swift; path = swlianxiUITests.swift; sourceTree = "<group>"; };
		6C8CC4901F8C70C500A06003 /* Info.plist */ = {isa = PBXFileReference; lastKnownFileType = text.plist.xml; path = Info.plist; sourceTree = "<group>"; };
		6C8CC49C1F8C70DB00A06003 /* SecondViewController.swift */ = {isa = PBXFileReference; fileEncoding = 4; lastKnownFileType = sourcecode.swift; path = SecondViewController.swift; sourceTree = "<group>"; };
		6C8CC49E1F8C721D00A06003 /* Person.swift */ = {isa = PBXFileReference; fileEncoding = 4; lastKnownFileType = sourcecode.swift; path = Person.swift; sourceTree = "<group>"; };
		6C8CC4A01F8C763A00A06003 /* File.swift */ = {isa = PBXFileReference; fileEncoding = 4; lastKnownFileType = sourcecode.swift; path = File.swift; sourceTree = "<group>"; };
/* End PBXFileReference section */

/* Begin PBXFrameworksBuildPhase section */
		6C8CC4681F8C70C400A06003 /* Frameworks */ = {
			isa = PBXFrameworksBuildPhase;
			buildActionMask = 2147483647;
			files = (
			);
			runOnlyForDeploymentPostprocessing = 0;
		};
		6C8CC47C1F8C70C500A06003 /* Frameworks */ = {
			isa = PBXFrameworksBuildPhase;
			buildActionMask = 2147483647;
			files = (
			);
			runOnlyForDeploymentPostprocessing = 0;
		};
		6C8CC4871F8C70C500A06003 /* Frameworks */ = {
			isa = PBXFrameworksBuildPhase;
			buildActionMask = 2147483647;
			files = (
			);
			runOnlyForDeploymentPostprocessing = 0;
		};
/* End PBXFrameworksBuildPhase section */

/* Begin PBXGroup section */
		6C8CC4621F8C70C400A06003 = {
			isa = PBXGroup;
			children = (
				6C8CC46D1F8C70C500A06003 /* swlianxi */,
				6C8CC4821F8C70C500A06003 /* swlianxiTests */,
				6C8CC48D1F8C70C500A06003 /* swlianxiUITests */,
				6C8CC46C1F8C70C500A06003 /* Products */,
			);
			sourceTree = "<group>";
		};
		6C8CC46C1F8C70C500A06003 /* Products */ = {
			isa = PBXGroup;
			children = (
				6C8CC46B1F8C70C500A06003 /* swlianxi.app */,
				6C8CC47F1F8C70C500A06003 /* swlianxiTests.xctest */,
				6C8CC48A1F8C70C500A06003 /* swlianxiUITests.xctest */,
			);
			name = Products;
			sourceTree = "<group>";
		};
		6C8CC46D1F8C70C500A06003 /* swlianxi */ = {
			isa = PBXGroup;
			children = (
				6C8CC46E1F8C70C500A06003 /* AppDelegate.swift */,
				6C8CC4701F8C70C500A06003 /* ViewController.swift */,
				6C8CC4A01F8C763A00A06003 /* File.swift */,
				6C8CC49E1F8C721D00A06003 /* Person.swift */,
				6C8CC49C1F8C70DB00A06003 /* SecondViewController.swift */,
				6C8CC4721F8C70C500A06003 /* Main.storyboard */,
				6C8CC4751F8C70C500A06003 /* Assets.xcassets */,
				6C8CC4771F8C70C500A06003 /* LaunchScreen.storyboard */,
				6C8CC47A1F8C70C500A06003 /* Info.plist */,
			);
			path = swlianxi;
			sourceTree = "<group>";
		};
		6C8CC4821F8C70C500A06003 /* swlianxiTests */ = {
			isa = PBXGroup;
			children = (
				6C8CC4831F8C70C500A06003 /* swlianxiTests.swift */,
				6C8CC4851F8C70C500A06003 /* Info.plist */,
			);
			path = swlianxiTests;
			sourceTree = "<group>";
		};
		6C8CC48D1F8C70C500A06003 /* swlianxiUITests */ = {
			isa = PBXGroup;
			children = (
				6C8CC48E1F8C70C500A06003 /* swlianxiUITests.swift */,
				6C8CC4901F8C70C500A06003 /* Info.plist */,
			);
			path = swlianxiUITests;
			sourceTree = "<group>";
		};
/* End PBXGroup section */

/* Begin PBXNativeTarget section */
		6C8CC46A1F8C70C400A06003 /* swlianxi */ = {
			isa = PBXNativeTarget;
			buildConfigurationList = 6C8CC4931F8C70C500A06003 /* Build configuration list for PBXNativeTarget "swlianxi" */;
			buildPhases = (
				6C8CC4671F8C70C400A06003 /* Sources */,
				6C8CC4681F8C70C400A06003 /* Frameworks */,
				6C8CC4691F8C70C400A06003 /* Resources */,
			);
			buildRules = (
			);
			dependencies = (
			);
			name = swlianxi;
			productName = swlianxi;
			productReference = 6C8CC46B1F8C70C500A06003 /* swlianxi.app */;
			productType = "com.apple.product-type.application";
		};
		6C8CC47E1F8C70C500A06003 /* swlianxiTests */ = {
			isa = PBXNativeTarget;
			buildConfigurationList = 6C8CC4961F8C70C500A06003 /* Build configuration list for PBXNativeTarget "swlianxiTests" */;
			buildPhases = (
				6C8CC47B1F8C70C500A06003 /* Sources */,
				6C8CC47C1F8C70C500A06003 /* Frameworks */,
				6C8CC47D1F8C70C500A06003 /* Resources */,
			);
			buildRules = (
			);
			dependencies = (
				6C8CC4811F8C70C500A06003 /* PBXTargetDependency */,
			);
			name = swlianxiTests;
			productName = swlianxiTests;
			productReference = 6C8CC47F1F8C70C500A06003 /* swlianxiTests.xctest */;
			productType = "com.apple.product-type.bundle.unit-test";
		};
		6C8CC4891F8C70C500A06003 /* swlianxiUITests */ = {
			isa = PBXNativeTarget;
			buildConfigurationList = 6C8CC4991F8C70C500A06003 /* Build configuration list for PBXNativeTarget "swlianxiUITests" */;
			buildPhases = (
				6C8CC4861F8C70C500A06003 /* Sources */,
				6C8CC4871F8C70C500A06003 /* Frameworks */,
				6C8CC4881F8C70C500A06003 /* Resources */,
			);
			buildRules = (
			);
			dependencies = (
				6C8CC48C1F8C70C500A06003 /* PBXTargetDependency */,
			);
			name = swlianxiUITests;
			productName = swlianxiUITests;
			productReference = 6C8CC48A1F8C70C500A06003 /* swlianxiUITests.xctest */;
			productType = "com.apple.product-type.bundle.ui-testing";
		};
/* End PBXNativeTarget section */

/* Begin PBXProject section */
		6C8CC4631F8C70C400A06003 /* Project object */ = {
			isa = PBXProject;
			attributes = {
				LastSwiftUpdateCheck = 0820;
				LastUpgradeCheck = 0820;
				ORGANIZATIONNAME = "God bless never bug";
				TargetAttributes = {
					6C8CC46A1F8C70C400A06003 = {
						CreatedOnToolsVersion = 8.2.1;
						DevelopmentTeam = A9X7EFQK4Z;
						ProvisioningStyle = Automatic;
					};
					6C8CC47E1F8C70C500A06003 = {
						CreatedOnToolsVersion = 8.2.1;
						DevelopmentTeam = A9X7EFQK4Z;
						ProvisioningStyle = Automatic;
						TestTargetID = 6C8CC46A1F8C70C400A06003;
					};
					6C8CC4891F8C70C500A06003 = {
						CreatedOnToolsVersion = 8.2.1;
						DevelopmentTeam = A9X7EFQK4Z;
						ProvisioningStyle = Automatic;
						TestTargetID = 6C8CC46A1F8C70C400A06003;
					};
				};
			};
			buildConfigurationList = 6C8CC4661F8C70C400A06003 /* Build configuration list for PBXProject "swlianxi" */;
			compatibilityVersion = "Xcode 3.2";
			developmentRegion = English;
			hasScannedForEncodings = 0;
			knownRegions = (
				en,
				Base,
			);
			mainGroup = 6C8CC4621F8C70C400A06003;
			productRefGroup = 6C8CC46C1F8C70C500A06003 /* Products */;
			projectDirPath = "";
			projectRoot = "";
			targets = (
				6C8CC46A1F8C70C400A06003 /* swlianxi */,
				6C8CC47E1F8C70C500A06003 /* swlianxiTests */,
				6C8CC4891F8C70C500A06003 /* swlianxiUITests */,
			);
		};
/* End PBXProject section */

/* Begin PBXResourcesBuildPhase section */
		6C8CC4691F8C70C400A06003 /* Resources */ = {
			isa = PBXResourcesBuildPhase;
			buildActionMask = 2147483647;
			files = (
				6C8CC4791F8C70C500A06003 /* LaunchScreen.storyboard in Resources */,
				6C8CC4761F8C70C500A06003 /* Assets.xcassets in Resources */,
				6C8CC4741F8C70C500A06003 /* Main.storyboard in Resources */,
			);
			runOnlyForDeploymentPostprocessing = 0;
		};
		6C8CC47D1F8C70C500A06003 /* Resources */ = {
			isa = PBXResourcesBuildPhase;
			buildActionMask = 2147483647;
			files = (
			);
			runOnlyForDeploymentPostprocessing = 0;
		};
		6C8CC4881F8C70C500A06003 /* Resources */ = {
			isa = PBXResourcesBuildPhase;
			buildActionMask = 2147483647;
			files = (
			);
			runOnlyForDeploymentPostprocessing = 0;
		};
/* End PBXResourcesBuildPhase section */

/* Begin PBXSourcesBuildPhase section */
		6C8CC4671F8C70C400A06003 /* Sources */ = {
			isa = PBXSourcesBuildPhase;
			buildActionMask = 2147483647;
			files = (
				6C8CC4A11F8C763A00A06003 /* File.swift in Sources */,
				6C8CC49D1F8C70DB00A06003 /* SecondViewController.swift in Sources */,
				6C8CC4711F8C70C500A06003 /* ViewController.swift in Sources */,
				6C8CC49F1F8C721D00A06003 /* Person.swift in Sources */,
				6C8CC46F1F8C70C500A06003 /* AppDelegate.swift in Sources */,
			);
			runOnlyForDeploymentPostprocessing = 0;
		};
		6C8CC47B1F8C70C500A06003 /* Sources */ = {
			isa = PBXSourcesBuildPhase;
			buildActionMask = 2147483647;
			files = (
				6C8CC4841F8C70C500A06003 /* swlianxiTests.swift in Sources */,
			);
			runOnlyForDeploymentPostprocessing = 0;
		};
		6C8CC4861F8C70C500A06003 /* Sources */ = {
			isa = PBXSourcesBuildPhase;
			buildActionMask = 2147483647;
			files = (
				6C8CC48F1F8C70C500A06003 /* swlianxiUITests.swift in Sources */,
			);
			runOnlyForDeploymentPostprocessing = 0;
		};
/* End PBXSourcesBuildPhase section */

/* Begin PBXTargetDependency section */
		6C8CC4811F8C70C500A06003 /* PBXTargetDependency */ = {
			isa = PBXTargetDependency;
			target = 6C8CC46A1F8C70C400A06003 /* swlianxi */;
			targetProxy = 6C8CC4801F8C70C500A06003 /* PBXContainerItemProxy */;
		};
		6C8CC48C1F8C70C500A06003 /* PBXTargetDependency */ = {
			isa = PBXTargetDependency;
			target = 6C8CC46A1F8C70C400A06003 /* swlianxi */;
			targetProxy = 6C8CC48B1F8C70C500A06003 /* PBXContainerItemProxy */;
		};
/* End PBXTargetDependency section */

/* Begin PBXVariantGroup section */
		6C8CC4721F8C70C500A06003 /* Main.storyboard */ = {
			isa = PBXVariantGroup;
			children = (
				6C8CC4731F8C70C500A06003 /* Base */,
			);
			name = Main.storyboard;
			sourceTree = "<group>";
		};
		6C8CC4771F8C70C500A06003 /* LaunchScreen.storyboard */ = {
			isa = PBXVariantGroup;
			children = (
				6C8CC4781F8C70C500A06003 /* Base */,
			);
			name = LaunchScreen.storyboard;
			sourceTree = "<group>";
		};
/* End PBXVariantGroup section */

/* Begin XCBuildConfiguration section */
		6C8CC4911F8C70C500A06003 /* Debug */ = {
			isa = XCBuildConfiguration;
			buildSettings = {
				ALWAYS_SEARCH_USER_PATHS = NO;
				CLANG_ANALYZER_NONNULL = YES;
				CLANG_CXX_LANGUAGE_STANDARD = "gnu++0x";
				CLANG_CXX_LIBRARY = "libc++";
				CLANG_ENABLE_MODULES = YES;
				CLANG_ENABLE_OBJC_ARC = YES;
				CLANG_WARN_BOOL_CONVERSION = YES;
				CLANG_WARN_CONSTANT_CONVERSION = YES;
				CLANG_WARN_DIRECT_OBJC_ISA_USAGE = YES_ERROR;
				CLANG_WARN_DOCUMENTATION_COMMENTS = YES;
				CLANG_WARN_EMPTY_BODY = YES;
				CLANG_WARN_ENUM_CONVERSION = YES;
				CLANG_WARN_INFINITE_RECURSION = YES;
				CLANG_WARN_INT_CONVERSION = YES;
				CLANG_WARN_OBJC_ROOT_CLASS = YES_ERROR;
				CLANG_WARN_SUSPICIOUS_MOVE = YES;
				CLANG_WARN_UNREACHABLE_CODE = YES;
				CLANG_WARN__DUPLICATE_METHOD_MATCH = YES;
				"CODE_SIGN_IDENTITY[sdk=iphoneos*]" = "iPhone Developer";
				COPY_PHASE_STRIP = NO;
				DEBUG_INFORMATION_FORMAT = dwarf;
				ENABLE_STRICT_OBJC_MSGSEND = YES;
				ENABLE_TESTABILITY = YES;
				GCC_C_LANGUAGE_STANDARD = gnu99;
				GCC_DYNAMIC_NO_PIC = NO;
				GCC_NO_COMMON_BLOCKS = YES;
				GCC_OPTIMIZATION_LEVEL = 0;
				GCC_PREPROCESSOR_DEFINITIONS = (
					"DEBUG=1",
					"$(inherited)",
				);
				GCC_WARN_64_TO_32_BIT_CONVERSION = YES;
				GCC_WARN_ABOUT_RETURN_TYPE = YES_ERROR;
				GCC_WARN_UNDECLARED_SELECTOR = YES;
				GCC_WARN_UNINITIALIZED_AUTOS = YES_AGGRESSIVE;
				GCC_WARN_UNUSED_FUNCTION = YES;
				GCC_WARN_UNUSED_VARIABLE = YES;
				IPHONEOS_DEPLOYMENT_TARGET = 10.2;
				MTL_ENABLE_DEBUG_INFO = YES;
				ONLY_ACTIVE_ARCH = YES;
				SDKROOT = iphoneos;
				SWIFT_ACTIVE_COMPILATION_CONDITIONS = DEBUG;
				SWIFT_OPTIMIZATION_LEVEL = "-Onone";
				TARGETED_DEVICE_FAMILY = "1,2";
			};
			name = Debug;
		};
		6C8CC4921F8C70C500A06003 /* Release */ = {
			isa = XCBuildConfiguration;
			buildSettings = {
				ALWAYS_SEARCH_USER_PATHS = NO;
				CLANG_ANALYZER_NONNULL = YES;
				CLANG_CXX_LANGUAGE_STANDARD = "gnu++0x";
				CLANG_CXX_LIBRARY = "libc++";
				CLANG_ENABLE_MODULES = YES;
				CLANG_ENABLE_OBJC_ARC = YES;
				CLANG_WARN_BOOL_CONVERSION = YES;
				CLANG_WARN_CONSTANT_CONVERSION = YES;
				CLANG_WARN_DIRECT_OBJC_ISA_USAGE = YES_ERROR;
				CLANG_WARN_DOCUMENTATION_COMMENTS = YES;
				CLANG_WARN_EMPTY_BODY = YES;
				CLANG_WARN_ENUM_CONVERSION = YES;
				CLANG_WARN_INFINITE_RECURSION = YES;
				CLANG_WARN_INT_CONVERSION = YES;
				CLANG_WARN_OBJC_ROOT_CLASS = YES_ERROR;
				CLANG_WARN_SUSPICIOUS_MOVE = YES;
				CLANG_WARN_UNREACHABLE_CODE = YES;
				CLANG_WARN__DUPLICATE_METHOD_MATCH = YES;
				"CODE_SIGN_IDENTITY[sdk=iphoneos*]" = "iPhone Developer";
				COPY_PHASE_STRIP = NO;
				DEBUG_INFORMATION_FORMAT = "dwarf-with-dsym";
				ENABLE_NS_ASSERTIONS = NO;
				ENABLE_STRICT_OBJC_MSGSEND = YES;
				GCC_C_LANGUAGE_STANDARD = gnu99;
				GCC_NO_COMMON_BLOCKS = YES;
				GCC_WARN_64_TO_32_BIT_CONVERSION = YES;
				GCC_WARN_ABOUT_RETURN_TYPE = YES_ERROR;
				GCC_WARN_UNDECLARED_SELECTOR = YES;
				GCC_WARN_UNINITIALIZED_AUTOS = YES_AGGRESSIVE;
				GCC_WARN_UNUSED_FUNCTION = YES;
				GCC_WARN_UNUSED_VARIABLE = YES;
				IPHONEOS_DEPLOYMENT_TARGET = 10.2;
				MTL_ENABLE_DEBUG_INFO = NO;
				SDKROOT = iphoneos;
				SWIFT_OPTIMIZATION_LEVEL = "-Owholemodule";
				TARGETED_DEVICE_FAMILY = "1,2";
				VALIDATE_PRODUCT = YES;
			};
			name = Release;
		};
		6C8CC4941F8C70C500A06003 /* Debug */ = {
			isa = XCBuildConfiguration;
			buildSettings = {
				ASSETCATALOG_COMPILER_APPICON_NAME = AppIcon;
				DEVELOPMENT_TEAM = A9X7EFQK4Z;
				INFOPLIST_FILE = swlianxi/Info.plist;
				LD_RUNPATH_SEARCH_PATHS = "$(inherited) @executable_path/Frameworks";
				PRODUCT_BUNDLE_IDENTIFIER = com.owl.www.swlianxi;
				PRODUCT_NAME = "$(TARGET_NAME)";
				SWIFT_VERSION = 3.0;
			};
			name = Debug;
		};
		6C8CC4951F8C70C500A06003 /* Release */ = {
			isa = XCBuildConfiguration;
			buildSettings = {
				ASSETCATALOG_COMPILER_APPICON_NAME = AppIcon;
				DEVELOPMENT_TEAM = A9X7EFQK4Z;
				INFOPLIST_FILE = swlianxi/Info.plist;
				LD_RUNPATH_SEARCH_PATHS = "$(inherited) @executable_path/Frameworks";
				PRODUCT_BUNDLE_IDENTIFIER = com.owl.www.swlianxi;
				PRODUCT_NAME = "$(TARGET_NAME)";
				SWIFT_VERSION = 3.0;
			};
			name = Release;
		};
		6C8CC4971F8C70C500A06003 /* Debug */ = {
			isa = XCBuildConfiguration;
			buildSettings = {
				ALWAYS_EMBED_SWIFT_STANDARD_LIBRARIES = YES;
				BUNDLE_LOADER = "$(TEST_HOST)";
				DEVELOPMENT_TEAM = A9X7EFQK4Z;
				INFOPLIST_FILE = swlianxiTests/Info.plist;
				LD_RUNPATH_SEARCH_PATHS = "$(inherited) @executable_path/Frameworks @loader_path/Frameworks";
				PRODUCT_BUNDLE_IDENTIFIER = com.owl.www.swlianxiTests;
				PRODUCT_NAME = "$(TARGET_NAME)";
				SWIFT_VERSION = 3.0;
				TEST_HOST = "$(BUILT_PRODUCTS_DIR)/swlianxi.app/swlianxi";
			};
			name = Debug;
		};
		6C8CC4981F8C70C500A06003 /* Release */ = {
			isa = XCBuildConfiguration;
			buildSettings = {
				ALWAYS_EMBED_SWIFT_STANDARD_LIBRARIES = YES;
				BUNDLE_LOADER = "$(TEST_HOST)";
				DEVELOPMENT_TEAM = A9X7EFQK4Z;
				INFOPLIST_FILE = swlianxiTests/Info.plist;
				LD_RUNPATH_SEARCH_PATHS = "$(inherited) @executable_path/Frameworks @loader_path/Frameworks";
				PRODUCT_BUNDLE_IDENTIFIER = com.owl.www.swlianxiTests;
				PRODUCT_NAME = "$(TARGET_NAME)";
				SWIFT_VERSION = 3.0;
				TEST_HOST = "$(BUILT_PRODUCTS_DIR)/swlianxi.app/swlianxi";
			};
			name = Release;
		};
		6C8CC49A1F8C70C500A06003 /* Debug */ = {
			isa = XCBuildConfiguration;
			buildSettings = {
				ALWAYS_EMBED_SWIFT_STANDARD_LIBRARIES = YES;
				DEVELOPMENT_TEAM = A9X7EFQK4Z;
				INFOPLIST_FILE = swlianxiUITests/Info.plist;
				LD_RUNPATH_SEARCH_PATHS = "$(inherited) @executable_path/Frameworks @loader_path/Frameworks";
				PRODUCT_BUNDLE_IDENTIFIER = com.owl.www.swlianxiUITests;
				PRODUCT_NAME = "$(TARGET_NAME)";
				SWIFT_VERSION = 3.0;
				TEST_TARGET_NAME = swlianxi;
			};
			name = Debug;
		};
		6C8CC49B1F8C70C500A06003 /* Release */ = {
			isa = XCBuildConfiguration;
			buildSettings = {
				ALWAYS_EMBED_SWIFT_STANDARD_LIBRARIES = YES;
				DEVELOPMENT_TEAM = A9X7EFQK4Z;
				INFOPLIST_FILE = swlianxiUITests/Info.plist;
				LD_RUNPATH_SEARCH_PATHS = "$(inherited) @executable_path/Frameworks @loader_path/Frameworks";
				PRODUCT_BUNDLE_IDENTIFIER = com.owl.www.swlianxiUITests;
				PRODUCT_NAME = "$(TARGET_NAME)";
				SWIFT_VERSION = 3.0;
				TEST_TARGET_NAME = swlianxi;
			};
			name = Release;
		};
/* End XCBuildConfiguration section */

/* Begin XCConfigurationList section */
		6C8CC4661F8C70C400A06003 /* Build configuration list for PBXProject "swlianxi" */ = {
			isa = XCConfigurationList;
			buildConfigurations = (
				6C8CC4911F8C70C500A06003 /* Debug */,
				6C8CC4921F8C70C500A06003 /* Release */,
			);
			defaultConfigurationIsVisible = 0;
			defaultConfigurationName = Release;
		};
		6C8CC4931F8C70C500A06003 /* Build configuration list for PBXNativeTarget "swlianxi" */ = {
			isa = XCConfigurationList;
			buildConfigurations = (
				6C8CC4941F8C70C500A06003 /* Debug */,
				6C8CC4951F8C70C500A06003 /* Release */,
			);
			defaultConfigurationIsVisible = 0;
		};
		6C8CC4961F8C70C500A06003 /* Build configuration list for PBXNativeTarget "swlianxiTests" */ = {
			isa = XCConfigurationList;
			buildConfigurations = (
				6C8CC4971F8C70C500A06003 /* Debug */,
				6C8CC4981F8C70C500A06003 /* Release */,
			);
			defaultConfigurationIsVisible = 0;
		};
		6C8CC4991F8C70C500A06003 /* Build configuration list for PBXNativeTarget "swlianxiUITests" */ = {
			isa = XCConfigurationList;
			buildConfigurations = (
				6C8CC49A1F8C70C500A06003 /* Debug */,
				6C8CC49B1F8C70C500A06003 /* Release */,
			);
			defaultConfigurationIsVisible = 0;
		};
/* End XCConfigurationList section */
	};
	rootObject = 6C8CC4631F8C70C400A06003 /* Project object */;
}
